
Microsoft Visual Studio Solution File, Format Version 12.00
# Visual Studio Version 17
VisualStudioVersion = 17.3.32825.248
MinimumVisualStudioVersion = 10.0.40219.1
Project("{FAE04EC0-301F-11D3-BF4B-00C04F79EFBC}") = "MagicVilla_API", "MagicVilla_API\MagicVilla_API.csproj", "{F80B2968-A516-4BFD-9DA6-683D0DC5588C}"
EndProject
Global
	GlobalSection(SolutionConfigurationPlatforms) = preSolution
		Debug|Any CPU = Debug|Any CPU
		Release|Any CPU = Release|Any CPU
	EndGlobalSection
	GlobalSection(ProjectConfigurationPlatforms) = postSolution
		{F80B2968-A516-4BFD-9DA6-683D0DC5588C}.Debug|Any CPU.ActiveCfg = Debug|Any CPU
		{F80B2968-A516-4BFD-9DA6-683D0DC5588C}.Debug|Any CPU.Build.0 = Debug|Any CPU
		{F80B2968-A516-4BFD-9DA6-683D0DC5588C}.Release|Any CPU.ActiveCfg = Release|Any CPU
		{F80B2968-A516-4BFD-9DA6-683D0DC5588C}.Release|Any CPU.Build.0 = Release|Any CPU
	EndGlobalSection
	GlobalSection(SolutionProperties) = preSolution
		HideSolutionNode = FALSE
	EndGlobalSection
	GlobalSection(ExtensibilityGlobals) = postSolution
		SolutionGuid = {3C0FF6F5-09F6-46C3-9376-2CCB1924071C}
	EndGlobalSection
EndGlobal
